// !$*UTF8*$!
{
	archiveVersion = 1;
	classes = {
	};
	objectVersion = 55;
	objects = {

/* Begin PBXBuildFile section */
		5D0F1FB0285D7A11005460FD /* Credits.html in Resources */ = {isa = PBXBuildFile; fileRef = 5D0F1FAF285D7A11005460FD /* Credits.html */; };
		5D1975D2285D2B3200DACDAF /* MachOKit.framework in Frameworks */ = {isa = PBXBuildFile; fileRef = 5D1975D1285D2B3200DACDAF /* MachOKit.framework */; };
		5D1975D3285D2B3200DACDAF /* MachOKit.framework in Embed Frameworks */ = {isa = PBXBuildFile; fileRef = 5D1975D1285D2B3200DACDAF /* MachOKit.framework */; settings = {ATTRIBUTES = (CodeSignOnCopy, RemoveHeadersOnCopy, ); }; };
		5D8F3CE8285D0D7400C2024D /* UnrealGPUPatcherApp.swift in Sources */ = {isa = PBXBuildFile; fileRef = 5D8F3CE7285D0D7400C2024D /* UnrealGPUPatcherApp.swift */; };
		5D8F3CEA285D0D7400C2024D /* ContentView.swift in Sources */ = {isa = PBXBuildFile; fileRef = 5D8F3CE9285D0D7400C2024D /* ContentView.swift */; };
		5D8F3CEC285D0D7700C2024D /* Assets.xcassets in Resources */ = {isa = PBXBuildFile; fileRef = 5D8F3CEB285D0D7700C2024D /* Assets.xcassets */; };
		5D8F3CEF285D0D7700C2024D /* Preview Assets.xcassets in Resources */ = {isa = PBXBuildFile; fileRef = 5D8F3CEE285D0D7700C2024D /* Preview Assets.xcassets */; };
		5D8F3CF7285D0DB300C2024D /* Patcher.swift in Sources */ = {isa = PBXBuildFile; fileRef = 5D8F3CF6285D0DB300C2024D /* Patcher.swift */; };
		5D8F3CF9285D16FC00C2024D /* Log.swift in Sources */ = {isa = PBXBuildFile; fileRef = 5D8F3CF8285D16FC00C2024D /* Log.swift */; };
		5D97744A2862C0AB00511B65 /* PatchCLI.swift in Sources */ = {isa = PBXBuildFile; fileRef = 5D9774492862C0AB00511B65 /* PatchCLI.swift */; };
		5D9774502862C0EA00511B65 /* ArgumentParser in Frameworks */ = {isa = PBXBuildFile; productRef = 5D97744F2862C0EA00511B65 /* ArgumentParser */; };
		5D9774512862C11600511B65 /* Patcher.swift in Sources */ = {isa = PBXBuildFile; fileRef = 5D8F3CF6285D0DB300C2024D /* Patcher.swift */; };
		5D9774522862C33F00511B65 /* MachOKit.framework in Frameworks */ = {isa = PBXBuildFile; fileRef = 5D1975D1285D2B3200DACDAF /* MachOKit.framework */; };
		5D97745A2862C50600511B65 /* patch in CopyFiles */ = {isa = PBXBuildFile; fileRef = 5D9774472862C0AB00511B65 /* patch */; settings = {ATTRIBUTES = (CodeSignOnCopy, ); }; };
/* End PBXBuildFile section */

/* Begin PBXCopyFilesBuildPhase section */
		5D1975D4285D2B3200DACDAF /* Embed Frameworks */ = {
			isa = PBXCopyFilesBuildPhase;
			buildActionMask = 2147483647;
			dstPath = "";
			dstSubfolderSpec = 10;
			files = (
				5D1975D3285D2B3200DACDAF /* MachOKit.framework in Embed Frameworks */,
			);
			name = "Embed Frameworks";
			runOnlyForDeploymentPostprocessing = 0;
		};
		5D9774592862C4FF00511B65 /* CopyFiles */ = {
			isa = PBXCopyFilesBuildPhase;
			buildActionMask = 2147483647;
			dstPath = "";
			dstSubfolderSpec = 6;
			files = (
				5D97745A2862C50600511B65 /* patch in CopyFiles */,
			);
			runOnlyForDeploymentPostprocessing = 0;
		};
/* End PBXCopyFilesBuildPhase section */

/* Begin PBXFileReference section */
		5D0F1FAF285D7A11005460FD /* Credits.html */ = {isa = PBXFileReference; fileEncoding = 4; lastKnownFileType = text.html; path = Credits.html; sourceTree = "<group>"; };
		5D0F1FB1285D7BD3005460FD /* README.md */ = {isa = PBXFileReference; lastKnownFileType = net.daringfireball.markdown; path = README.md; sourceTree = "<group>"; };
		5D1975D1285D2B3200DACDAF /* MachOKit.framework */ = {isa = PBXFileReference; explicitFileType = wrapper.framework; path = MachOKit.framework; sourceTree = BUILT_PRODUCTS_DIR; };
		5D8F3CE4285D0D7400C2024D /* UnrealGPUPatcher.app */ = {isa = PBXFileReference; explicitFileType = wrapper.application; includeInIndex = 0; path = UnrealGPUPatcher.app; sourceTree = BUILT_PRODUCTS_DIR; };
		5D8F3CE7285D0D7400C2024D /* UnrealGPUPatcherApp.swift */ = {isa = PBXFileReference; lastKnownFileType = sourcecode.swift; path = UnrealGPUPatcherApp.swift; sourceTree = "<group>"; };
		5D8F3CE9285D0D7400C2024D /* ContentView.swift */ = {isa = PBXFileReference; lastKnownFileType = sourcecode.swift; path = ContentView.swift; sourceTree = "<group>"; };
		5D8F3CEB285D0D7700C2024D /* Assets.xcassets */ = {isa = PBXFileReference; lastKnownFileType = folder.assetcatalog; path = Assets.xcassets; sourceTree = "<group>"; };
		5D8F3CEE285D0D7700C2024D /* Preview Assets.xcassets */ = {isa = PBXFileReference; lastKnownFileType = folder.assetcatalog; path = "Preview Assets.xcassets"; sourceTree = "<group>"; };
		5D8F3CF0285D0D7700C2024D /* UnrealGPUPatcher.entitlements */ = {isa = PBXFileReference; lastKnownFileType = text.plist.entitlements; path = UnrealGPUPatcher.entitlements; sourceTree = "<group>"; };
		5D8F3CF6285D0DB300C2024D /* Patcher.swift */ = {isa = PBXFileReference; lastKnownFileType = sourcecode.swift; path = Patcher.swift; sourceTree = "<group>"; };
		5D8F3CF8285D16FC00C2024D /* Log.swift */ = {isa = PBXFileReference; lastKnownFileType = sourcecode.swift; path = Log.swift; sourceTree = "<group>"; };
		5D9774472862C0AB00511B65 /* patch */ = {isa = PBXFileReference; explicitFileType = "compiled.mach-o.executable"; includeInIndex = 0; path = patch; sourceTree = BUILT_PRODUCTS_DIR; };
		5D9774492862C0AB00511B65 /* PatchCLI.swift */ = {isa = PBXFileReference; lastKnownFileType = sourcecode.swift; path = PatchCLI.swift; sourceTree = "<group>"; };
		5D9774692862D00A00511B65 /* Info.plist */ = {isa = PBXFileReference; lastKnownFileType = text.plist.xml; path = Info.plist; sourceTree = "<group>"; };
/* End PBXFileReference section */

/* Begin PBXFrameworksBuildPhase section */
		5D8F3CE1285D0D7400C2024D /* Frameworks */ = {
			isa = PBXFrameworksBuildPhase;
			buildActionMask = 2147483647;
			files = (
				5D1975D2285D2B3200DACDAF /* MachOKit.framework in Frameworks */,
			);
			runOnlyForDeploymentPostprocessing = 0;
		};
		5D9774442862C0AB00511B65 /* Frameworks */ = {
			isa = PBXFrameworksBuildPhase;
			buildActionMask = 2147483647;
			files = (
				5D9774522862C33F00511B65 /* MachOKit.framework in Frameworks */,
				5D9774502862C0EA00511B65 /* ArgumentParser in Frameworks */,
			);
			runOnlyForDeploymentPostprocessing = 0;
		};
/* End PBXFrameworksBuildPhase section */

/* Begin PBXGroup section */
		5D1975D0285D2B3200DACDAF /* Frameworks */ = {
			isa = PBXGroup;
			children = (
				5D1975D1285D2B3200DACDAF /* MachOKit.framework */,
			);
			name = Frameworks;
			sourceTree = "<group>";
		};
		5D8F3CDB285D0D7400C2024D = {
			isa = PBXGroup;
			children = (
				5D0F1FB1285D7BD3005460FD /* README.md */,
				5D8F3CF6285D0DB300C2024D /* Patcher.swift */,
				5D8F3CE6285D0D7400C2024D /* UnrealGPUPatcher */,
				5D9774482862C0AB00511B65 /* patch */,
				5D8F3CE5285D0D7400C2024D /* Products */,
				5D1975D0285D2B3200DACDAF /* Frameworks */,
			);
			sourceTree = "<group>";
		};
		5D8F3CE5285D0D7400C2024D /* Products */ = {
			isa = PBXGroup;
			children = (
				5D8F3CE4285D0D7400C2024D /* UnrealGPUPatcher.app */,
				5D9774472862C0AB00511B65 /* patch */,
			);
			name = Products;
			sourceTree = "<group>";
		};
		5D8F3CE6285D0D7400C2024D /* UnrealGPUPatcher */ = {
			isa = PBXGroup;
			children = (
				5D8F3CE7285D0D7400C2024D /* UnrealGPUPatcherApp.swift */,
				5D8F3CE9285D0D7400C2024D /* ContentView.swift */,
				5D8F3CF8285D16FC00C2024D /* Log.swift */,
				5D8F3CEB285D0D7700C2024D /* Assets.xcassets */,
				5D8F3CF0285D0D7700C2024D /* UnrealGPUPatcher.entitlements */,
				5D0F1FAF285D7A11005460FD /* Credits.html */,
				5D8F3CED285D0D7700C2024D /* Preview Content */,
			);
			path = UnrealGPUPatcher;
			sourceTree = "<group>";
		};
		5D8F3CED285D0D7700C2024D /* Preview Content */ = {
			isa = PBXGroup;
			children = (
				5D8F3CEE285D0D7700C2024D /* Preview Assets.xcassets */,
			);
			path = "Preview Content";
			sourceTree = "<group>";
		};
		5D9774482862C0AB00511B65 /* patch */ = {
			isa = PBXGroup;
			children = (
				5D9774492862C0AB00511B65 /* PatchCLI.swift */,
				5D9774692862D00A00511B65 /* Info.plist */,
			);
			path = patch;
			sourceTree = "<group>";
		};
/* End PBXGroup section */

/* Begin PBXNativeTarget section */
		5D8F3CE3285D0D7400C2024D /* UnrealGPUPatcher */ = {
			isa = PBXNativeTarget;
			buildConfigurationList = 5D8F3CF3285D0D7700C2024D /* Build configuration list for PBXNativeTarget "UnrealGPUPatcher" */;
			buildPhases = (
				5D8F3CE0285D0D7400C2024D /* Sources */,
				5D8F3CE1285D0D7400C2024D /* Frameworks */,
				5D8F3CE2285D0D7400C2024D /* Resources */,
				5D1975D4285D2B3200DACDAF /* Embed Frameworks */,
				5D9774592862C4FF00511B65 /* CopyFiles */,
			);
			buildRules = (
			);
			dependencies = (
			);
			name = UnrealGPUPatcher;
			productName = UnrealGPUPatcher;
			productReference = 5D8F3CE4285D0D7400C2024D /* UnrealGPUPatcher.app */;
			productType = "com.apple.product-type.application";
		};
		5D9774462862C0AB00511B65 /* patch */ = {
			isa = PBXNativeTarget;
			buildConfigurationList = 5D97744B2862C0AB00511B65 /* Build configuration list for PBXNativeTarget "patch" */;
			buildPhases = (
				5D9774432862C0AB00511B65 /* Sources */,
				5D9774442862C0AB00511B65 /* Frameworks */,
			);
			buildRules = (
			);
			dependencies = (
			);
			name = patch;
			packageProductDependencies = (
				5D97744F2862C0EA00511B65 /* ArgumentParser */,
			);
			productName = patch;
			productReference = 5D9774472862C0AB00511B65 /* patch */;
			productType = "com.apple.product-type.tool";
		};
/* End PBXNativeTarget section */

/* Begin PBXProject section */
		5D8F3CDC285D0D7400C2024D /* Project object */ = {
			isa = PBXProject;
			attributes = {
				BuildIndependentTargetsInParallel = 1;
				LastSwiftUpdateCheck = 1340;
				LastUpgradeCheck = 1340;
				TargetAttributes = {
					5D8F3CE3285D0D7400C2024D = {
						CreatedOnToolsVersion = 13.4.1;
					};
					5D9774462862C0AB00511B65 = {
						CreatedOnToolsVersion = 13.4.1;
					};
				};
			};
			buildConfigurationList = 5D8F3CDF285D0D7400C2024D /* Build configuration list for PBXProject "UnrealGPUPatcher" */;
			compatibilityVersion = "Xcode 13.0";
			developmentRegion = en;
			hasScannedForEncodings = 0;
			knownRegions = (
				en,
				Base,
			);
			mainGroup = 5D8F3CDB285D0D7400C2024D;
			packageReferences = (
				5D97744E2862C0EA00511B65 /* XCRemoteSwiftPackageReference "swift-argument-parser" */,
			);
			productRefGroup = 5D8F3CE5285D0D7400C2024D /* Products */;
			projectDirPath = "";
			projectRoot = "";
			targets = (
				5D8F3CE3285D0D7400C2024D /* UnrealGPUPatcher */,
				5D9774462862C0AB00511B65 /* patch */,
			);
		};
/* End PBXProject section */

/* Begin PBXResourcesBuildPhase section */
		5D8F3CE2285D0D7400C2024D /* Resources */ = {
			isa = PBXResourcesBuildPhase;
			buildActionMask = 2147483647;
			files = (
				5D8F3CEF285D0D7700C2024D /* Preview Assets.xcassets in Resources */,
				5D0F1FB0285D7A11005460FD /* Credits.html in Resources */,
				5D8F3CEC285D0D7700C2024D /* Assets.xcassets in Resources */,
			);
			runOnlyForDeploymentPostprocessing = 0;
		};
/* End PBXResourcesBuildPhase section */

/* Begin PBXSourcesBuildPhase section */
		5D8F3CE0285D0D7400C2024D /* Sources */ = {
			isa = PBXSourcesBuildPhase;
			buildActionMask = 2147483647;
			files = (
				5D8F3CEA285D0D7400C2024D /* ContentView.swift in Sources */,
				5D8F3CE8285D0D7400C2024D /* UnrealGPUPatcherApp.swift in Sources */,
				5D8F3CF9285D16FC00C2024D /* Log.swift in Sources */,
				5D8F3CF7285D0DB300C2024D /* Patcher.swift in Sources */,
			);
			runOnlyForDeploymentPostprocessing = 0;
		};
		5D9774432862C0AB00511B65 /* Sources */ = {
			isa = PBXSourcesBuildPhase;
			buildActionMask = 2147483647;
			files = (
				5D97744A2862C0AB00511B65 /* PatchCLI.swift in Sources */,
				5D9774512862C11600511B65 /* Patcher.swift in Sources */,
			);
			runOnlyForDeploymentPostprocessing = 0;
		};
/* End PBXSourcesBuildPhase section */

/* Begin XCBuildConfiguration section */
		5D8F3CF1285D0D7700C2024D /* Debug */ = {
			isa = XCBuildConfiguration;
			buildSettings = {
				ALWAYS_SEARCH_USER_PATHS = NO;
				CLANG_ANALYZER_NONNULL = YES;
				CLANG_ANALYZER_NUMBER_OBJECT_CONVERSION = YES_AGGRESSIVE;
				CLANG_CXX_LANGUAGE_STANDARD = "gnu++17";
				CLANG_ENABLE_MODULES = YES;
				CLANG_ENABLE_OBJC_ARC = YES;
				CLANG_ENABLE_OBJC_WEAK = YES;
				CLANG_WARN_BLOCK_CAPTURE_AUTORELEASING = YES;
				CLANG_WARN_BOOL_CONVERSION = YES;
				CLANG_WARN_COMMA = YES;
				CLANG_WARN_CONSTANT_CONVERSION = YES;
				CLANG_WARN_DEPRECATED_OBJC_IMPLEMENTATIONS = YES;
				CLANG_WARN_DIRECT_OBJC_ISA_USAGE = YES_ERROR;
				CLANG_WARN_DOCUMENTATION_COMMENTS = YES;
				CLANG_WARN_EMPTY_BODY = YES;
				CLANG_WARN_ENUM_CONVERSION = YES;
				CLANG_WARN_INFINITE_RECURSION = YES;
				CLANG_WARN_INT_CONVERSION = YES;
				CLANG_WARN_NON_LITERAL_NULL_CONVERSION = YES;
				CLANG_WARN_OBJC_IMPLICIT_RETAIN_SELF = YES;
				CLANG_WARN_OBJC_LITERAL_CONVERSION = YES;
				CLANG_WARN_OBJC_ROOT_CLASS = YES_ERROR;
				CLANG_WARN_QUOTED_INCLUDE_IN_FRAMEWORK_HEADER = YES;
				CLANG_WARN_RANGE_LOOP_ANALYSIS = YES;
				CLANG_WARN_STRICT_PROTOTYPES = YES;
				CLANG_WARN_SUSPICIOUS_MOVE = YES;
				CLANG_WARN_UNGUARDED_AVAILABILITY = YES_AGGRESSIVE;
				CLANG_WARN_UNREACHABLE_CODE = YES;
				CLANG_WARN__DUPLICATE_METHOD_MATCH = YES;
				COPY_PHASE_STRIP = NO;
				DEBUG_INFORMATION_FORMAT = dwarf;
				ENABLE_STRICT_OBJC_MSGSEND = YES;
				ENABLE_TESTABILITY = YES;
				GCC_C_LANGUAGE_STANDARD = gnu11;
				GCC_DYNAMIC_NO_PIC = NO;
				GCC_NO_COMMON_BLOCKS = YES;
				GCC_OPTIMIZATION_LEVEL = 0;
				GCC_PREPROCESSOR_DEFINITIONS = (
					"DEBUG=1",
					"$(inherited)",
				);
				GCC_WARN_64_TO_32_BIT_CONVERSION = YES;
				GCC_WARN_ABOUT_RETURN_TYPE = YES_ERROR;
				GCC_WARN_UNDECLARED_SELECTOR = YES;
				GCC_WARN_UNINITIALIZED_AUTOS = YES_AGGRESSIVE;
				GCC_WARN_UNUSED_FUNCTION = YES;
				GCC_WARN_UNUSED_VARIABLE = YES;
				MACOSX_DEPLOYMENT_TARGET = 11;
				MTL_ENABLE_DEBUG_INFO = INCLUDE_SOURCE;
				MTL_FAST_MATH = YES;
				ONLY_ACTIVE_ARCH = YES;
				SDKROOT = macosx;
				SWIFT_ACTIVE_COMPILATION_CONDITIONS = DEBUG;
				SWIFT_OPTIMIZATION_LEVEL = "-Onone";
			};
			name = Debug;
		};
		5D8F3CF2285D0D7700C2024D /* Release */ = {
			isa = XCBuildConfiguration;
			buildSettings = {
				ALWAYS_SEARCH_USER_PATHS = NO;
				CLANG_ANALYZER_NONNULL = YES;
				CLANG_ANALYZER_NUMBER_OBJECT_CONVERSION = YES_AGGRESSIVE;
				CLANG_CXX_LANGUAGE_STANDARD = "gnu++17";
				CLANG_ENABLE_MODULES = YES;
				CLANG_ENABLE_OBJC_ARC = YES;
				CLANG_ENABLE_OBJC_WEAK = YES;
				CLANG_WARN_BLOCK_CAPTURE_AUTORELEASING = YES;
				CLANG_WARN_BOOL_CONVERSION = YES;
				CLANG_WARN_COMMA = YES;
				CLANG_WARN_CONSTANT_CONVERSION = YES;
				CLANG_WARN_DEPRECATED_OBJC_IMPLEMENTATIONS = YES;
				CLANG_WARN_DIRECT_OBJC_ISA_USAGE = YES_ERROR;
				CLANG_WARN_DOCUMENTATION_COMMENTS = YES;
				CLANG_WARN_EMPTY_BODY = YES;
				CLANG_WARN_ENUM_CONVERSION = YES;
				CLANG_WARN_INFINITE_RECURSION = YES;
				CLANG_WARN_INT_CONVERSION = YES;
				CLANG_WARN_NON_LITERAL_NULL_CONVERSION = YES;
				CLANG_WARN_OBJC_IMPLICIT_RETAIN_SELF = YES;
				CLANG_WARN_OBJC_LITERAL_CONVERSION = YES;
				CLANG_WARN_OBJC_ROOT_CLASS = YES_ERROR;
				CLANG_WARN_QUOTED_INCLUDE_IN_FRAMEWORK_HEADER = YES;
				CLANG_WARN_RANGE_LOOP_ANALYSIS = YES;
				CLANG_WARN_STRICT_PROTOTYPES = YES;
				CLANG_WARN_SUSPICIOUS_MOVE = YES;
				CLANG_WARN_UNGUARDED_AVAILABILITY = YES_AGGRESSIVE;
				CLANG_WARN_UNREACHABLE_CODE = YES;
				CLANG_WARN__DUPLICATE_METHOD_MATCH = YES;
				COPY_PHASE_STRIP = NO;
				DEBUG_INFORMATION_FORMAT = "dwarf-with-dsym";
				ENABLE_NS_ASSERTIONS = NO;
				ENABLE_STRICT_OBJC_MSGSEND = YES;
				GCC_C_LANGUAGE_STANDARD = gnu11;
				GCC_NO_COMMON_BLOCKS = YES;
				GCC_WARN_64_TO_32_BIT_CONVERSION = YES;
				GCC_WARN_ABOUT_RETURN_TYPE = YES_ERROR;
				GCC_WARN_UNDECLARED_SELECTOR = YES;
				GCC_WARN_UNINITIALIZED_AUTOS = YES_AGGRESSIVE;
				GCC_WARN_UNUSED_FUNCTION = YES;
				GCC_WARN_UNUSED_VARIABLE = YES;
				MACOSX_DEPLOYMENT_TARGET = 11;
				MTL_ENABLE_DEBUG_INFO = NO;
				MTL_FAST_MATH = YES;
				SDKROOT = macosx;
				SWIFT_COMPILATION_MODE = wholemodule;
				SWIFT_OPTIMIZATION_LEVEL = "-O";
			};
			name = Release;
		};
		5D8F3CF4285D0D7700C2024D /* Debug */ = {
			isa = XCBuildConfiguration;
			buildSettings = {
				ASSETCATALOG_COMPILER_APPICON_NAME = AppIcon;
				ASSETCATALOG_COMPILER_GLOBAL_ACCENT_COLOR_NAME = AccentColor;
				CODE_SIGN_ENTITLEMENTS = UnrealGPUPatcher/UnrealGPUPatcher.entitlements;
				CODE_SIGN_IDENTITY = "Apple Development";
				CODE_SIGN_STYLE = Automatic;
				COMBINE_HIDPI_IMAGES = YES;
				CURRENT_PROJECT_VERSION = 5;
				DEVELOPMENT_ASSET_PATHS = "\"UnrealGPUPatcher/Preview Content\"";
				DEVELOPMENT_TEAM = 4887UFF4KD;
				ENABLE_HARDENED_RUNTIME = YES;
				ENABLE_PREVIEWS = YES;
				GENERATE_INFOPLIST_FILE = YES;
				INFOPLIST_KEY_NSHumanReadableCopyright = "";
				LD_RUNPATH_SEARCH_PATHS = (
					"$(inherited)",
					"@executable_path/../Frameworks",
				);
				MACOSX_DEPLOYMENT_TARGET = 11;
				MARKETING_VERSION = 1.1;
				PRODUCT_BUNDLE_IDENTIFIER = me.jacobgreenfield.UnrealGPUPatcher;
				PRODUCT_NAME = "$(TARGET_NAME)";
				SWIFT_EMIT_LOC_STRINGS = YES;
				SWIFT_VERSION = 5.0;
			};
			name = Debug;
		};
		5D8F3CF5285D0D7700C2024D /* Release */ = {
			isa = XCBuildConfiguration;
			buildSettings = {
				ASSETCATALOG_COMPILER_APPICON_NAME = AppIcon;
				ASSETCATALOG_COMPILER_GLOBAL_ACCENT_COLOR_NAME = AccentColor;
				CODE_SIGN_ENTITLEMENTS = UnrealGPUPatcher/UnrealGPUPatcher.entitlements;
				CODE_SIGN_IDENTITY = "Apple Development";
				CODE_SIGN_STYLE = Automatic;
				COMBINE_HIDPI_IMAGES = YES;
				CURRENT_PROJECT_VERSION = 5;
				DEVELOPMENT_ASSET_PATHS = "\"UnrealGPUPatcher/Preview Content\"";
				DEVELOPMENT_TEAM = 4887UFF4KD;
				ENABLE_HARDENED_RUNTIME = YES;
				ENABLE_PREVIEWS = YES;
				GENERATE_INFOPLIST_FILE = YES;
				INFOPLIST_KEY_NSHumanReadableCopyright = "";
				LD_RUNPATH_SEARCH_PATHS = (
					"$(inherited)",
					"@executable_path/../Frameworks",
				);
				MACOSX_DEPLOYMENT_TARGET = 11;
				MARKETING_VERSION = 1.1;
				PRODUCT_BUNDLE_IDENTIFIER = me.jacobgreenfield.UnrealGPUPatcher;
				PRODUCT_NAME = "$(TARGET_NAME)";
				SWIFT_EMIT_LOC_STRINGS = YES;
				SWIFT_VERSION = 5.0;
			};
			name = Release;
		};
		5D97744C2862C0AB00511B65 /* Debug */ = {
			isa = XCBuildConfiguration;
			buildSettings = {
				CODE_SIGN_STYLE = Automatic;
				CREATE_INFOPLIST_SECTION_IN_BINARY = YES;
				CURRENT_PROJECT_VERSION = 1;
				DEVELOPMENT_TEAM = 4887UFF4KD;
				ENABLE_HARDENED_RUNTIME = YES;
				INFOPLIST_FILE = "$(PROJECT_DIR)/patch/Info.plist";
				LD_RUNPATH_SEARCH_PATHS = (
					"$(inherited)",
					"@executable_path/../Frameworks",
					"@executable_path/$(PRODUCT_NAME).bundle/Contents/Frameworks",
				);
				MACOSX_DEPLOYMENT_TARGET = 10.15.4;
				MARKETING_VERSION = 1.0;
				PRODUCT_NAME = "$(TARGET_NAME)";
				SKIP_INSTALL = YES;
				SWIFT_VERSION = 5.0;
			};
			name = Debug;
		};
		5D97744D2862C0AB00511B65 /* Release */ = {
			isa = XCBuildConfiguration;
			buildSettings = {
				CODE_SIGN_STYLE = Automatic;
				CREATE_INFOPLIST_SECTION_IN_BINARY = YES;
				CURRENT_PROJECT_VERSION = 1;
				DEVELOPMENT_TEAM = 4887UFF4KD;
				ENABLE_HARDENED_RUNTIME = YES;
				INFOPLIST_FILE = "$(PROJECT_DIR)/patch/Info.plist";
				LD_RUNPATH_SEARCH_PATHS = (
					"$(inherited)",
					"@executable_path/../Frameworks",
				);
				MACOSX_DEPLOYMENT_TARGET = 10.15.4;
				MARKETING_VERSION = 1.0;
				PRODUCT_NAME = "$(TARGET_NAME)";
				SKIP_INSTALL = YES;
				SWIFT_VERSION = 5.0;
			};
			name = Release;
		};
/* End XCBuildConfiguration section */

/* Begin XCConfigurationList section */
		5D8F3CDF285D0D7400C2024D /* Build configuration list for PBXProject "UnrealGPUPatcher" */ = {
			isa = XCConfigurationList;
			buildConfigurations = (
				5D8F3CF1285D0D7700C2024D /* Debug */,
				5D8F3CF2285D0D7700C2024D /* Release */,
			);
			defaultConfigurationIsVisible = 0;
			defaultConfigurationName = Release;
		};
		5D8F3CF3285D0D7700C2024D /* Build configuration list for PBXNativeTarget "UnrealGPUPatcher" */ = {
			isa = XCConfigurationList;
			buildConfigurations = (
				5D8F3CF4285D0D7700C2024D /* Debug */,
				5D8F3CF5285D0D7700C2024D /* Release */,
			);
			defaultConfigurationIsVisible = 0;
			defaultConfigurationName = Release;
		};
		5D97744B2862C0AB00511B65 /* Build configuration list for PBXNativeTarget "patch" */ = {
			isa = XCConfigurationList;
			buildConfigurations = (
				5D97744C2862C0AB00511B65 /* Debug */,
				5D97744D2862C0AB00511B65 /* Release */,
			);
			defaultConfigurationIsVisible = 0;
			defaultConfigurationName = Release;
		};
/* End XCConfigurationList section */

/* Begin XCRemoteSwiftPackageReference section */
		5D97744E2862C0EA00511B65 /* XCRemoteSwiftPackageReference "swift-argument-parser" */ = {
			isa = XCRemoteSwiftPackageReference;
			repositoryURL = "https://github.com/apple/swift-argument-parser.git";
			requirement = {
				kind = upToNextMajorVersion;
				minimumVersion = 1.1.2;
			};
		};
/* End XCRemoteSwiftPackageReference section */

/* Begin XCSwiftPackageProductDependency section */
		5D97744F2862C0EA00511B65 /* ArgumentParser */ = {
			isa = XCSwiftPackageProductDependency;
			package = 5D97744E2862C0EA00511B65 /* XCRemoteSwiftPackageReference "swift-argument-parser" */;
			productName = ArgumentParser;
		};
/* End XCSwiftPackageProductDependency section */
	};
	rootObject = 5D8F3CDC285D0D7400C2024D /* Project object */;
}
